
Microsoft Visual Studio Solution File, Format Version 12.00
# Visual Studio Version 16
VisualStudioVersion = 16.0.32630.194
MinimumVisualStudioVersion = 10.0.40219.1
Project("{FAE04EC0-301F-11D3-BF4B-00C04F79EFBC}") = "Paginas_Razor", "Paginas_Razor.csproj", "{177EB5E5-4108-41EB-91DF-0F238E7838A8}"
EndProject
Global
	GlobalSection(SolutionConfigurationPlatforms) = preSolution
		Debug|Any CPU = Debug|Any CPU
		Release|Any CPU = Release|Any CPU
	EndGlobalSection
	GlobalSection(ProjectConfigurationPlatforms) = postSolution
		{177EB5E5-4108-41EB-91DF-0F238E7838A8}.Debug|Any CPU.ActiveCfg = Debug|Any CPU
		{177EB5E5-4108-41EB-91DF-0F238E7838A8}.Debug|Any CPU.Build.0 = Debug|Any CPU
		{177EB5E5-4108-41EB-91DF-0F238E7838A8}.Release|Any CPU.ActiveCfg = Release|Any CPU
		{177EB5E5-4108-41EB-91DF-0F238E7838A8}.Release|Any CPU.Build.0 = Release|Any CPU
	EndGlobalSection
	GlobalSection(SolutionProperties) = preSolution
		HideSolutionNode = FALSE
	EndGlobalSection
	GlobalSection(ExtensibilityGlobals) = postSolution
		SolutionGuid = {7745C76E-6F45-4B06-96BF-4898B676C232}
	EndGlobalSection
EndGlobal
